
Microsoft Visual Studio Solution File, Format Version 12.00
# Visual Studio Version 17
VisualStudioVersion = 17.11.35312.102
MinimumVisualStudioVersion = 10.0.40219.1
Project("{8BC9CEB8-8B4A-11D0-8D11-00A0C91BC942}") = "Program", "Program.vcxproj", "{FADBE8F1-3C31-43C8-B1D6-7356BF9198B0}"
EndProject
Project("{8BC9CEB8-8B4A-11D0-8D11-00A0C91BC942}") = "Class1th (Time Complexity & Space Complexity)", "..\Class1th (Time Complexity & Space Complexity)\Class1th (Time Complexity & Space Complexity).vcxproj", "{C41B7972-A461-4561-88C8-E05DBF77E843}"
EndProject
Project("{8BC9CEB8-8B4A-11D0-8D11-00A0C91BC942}") = "Class3th (Bubble Sort)", "..\Class3th (Bubble Sort)\Class3th (Bubble Sort).vcxproj", "{63DBE516-FAE0-4CF6-A3FB-9F20EFDB2501}"
EndProject
Project("{8BC9CEB8-8B4A-11D0-8D11-00A0C91BC942}") = "Class2th (Brute Force)", "..\Class2th (Brute Force)\Class2th (Brute Force).vcxproj", "{C7C91B65-85E2-456C-AE2B-38922B11CFA7}"
EndProject
Project("{8BC9CEB8-8B4A-11D0-8D11-00A0C91BC942}") = "Class4th (Select sort)", "..\Class4th (Select sort)\Class4th (Select sort).vcxproj", "{AEA1CF21-426A-43C4-9915-C0B3DF0DA9CF}"
EndProject
Project("{8BC9CEB8-8B4A-11D0-8D11-00A0C91BC942}") = "Class5th (Insert sort)", "..\Class5th (Insert sort)\Class5th (Insert sort).vcxproj", "{00BD6AB9-2F78-42AF-A9D8-15354CE45310}"
EndProject
Project("{8BC9CEB8-8B4A-11D0-8D11-00A0C91BC942}") = "Class6th (Euclidean)", "..\Class6th (Euclidean)\Class6th (Euclidean).vcxproj", "{D10EC8E8-C13A-47C5-B3B6-D256DF21C2A8}"
EndProject
Project("{8BC9CEB8-8B4A-11D0-8D11-00A0C91BC942}") = "Class7th (Two Pointer)", "..\Class7th (Two Pointer)\Class7th (Two Pointer).vcxproj", "{442E4C28-3023-4A91-A3EF-AB5CB7335252}"
EndProject
Project("{8BC9CEB8-8B4A-11D0-8D11-00A0C91BC942}") = "Class8th (Binary Search)", "..\Class8th (Binary Search)\Class8th (Binary Search).vcxproj", "{A1FED18D-F87D-46C0-9A1E-25108E0D315B}"
EndProject
Project("{8BC9CEB8-8B4A-11D0-8D11-00A0C91BC942}") = "Class9th (Count Sort)", "..\Class9th (Count Sort)\Class9th (Count Sort).vcxproj", "{353F6F61-7196-4E2F-909F-A93DB6E2E4BC}"
EndProject
Project("{8BC9CEB8-8B4A-11D0-8D11-00A0C91BC942}") = "Class10th (Divide and Conquer)", "..\Clss10th (Divide and Conquer)\Clss10th (Divide and Conquer).vcxproj", "{757D8048-A4D4-4E4A-804C-D64B6F3042E2}"
EndProject
Project("{8BC9CEB8-8B4A-11D0-8D11-00A0C91BC942}") = "Class11th(Quick Sort)", "..\Class11th(Quick Sort)\Class11th(Quick Sort).vcxproj", "{FB23248A-4F44-4626-9C8E-D7EE809591E0}"
EndProject
Project("{8BC9CEB8-8B4A-11D0-8D11-00A0C91BC942}") = "Class12th (Dynamic Progamming)", "..\Class12th (Dynamic Progamming)\Class12th (Dynamic Progamming).vcxproj", "{6247ADBA-858E-4B4A-84AA-C41F079152C4}"
EndProject
Project("{8BC9CEB8-8B4A-11D0-8D11-00A0C91BC942}") = "Class13th (Merge Sort)", "..\Class13th (Merge Sort)\Class13th (Merge Sort).vcxproj", "{E59F2328-A511-471D-93F3-D937AB2B848E}"
EndProject
Project("{8BC9CEB8-8B4A-11D0-8D11-00A0C91BC942}") = "Class14th (Sieve of Eratosthenes)", "..\Class14th (Sieve of Eratosthenes)\Class14th (Sieve of Eratosthenes).vcxproj", "{E0E39336-E04B-4EF4-8015-DBA1FB5BA6A4}"
EndProject
Global
	GlobalSection(SolutionConfigurationPlatforms) = preSolution
		Debug|x64 = Debug|x64
		Debug|x86 = Debug|x86
		Release|x64 = Release|x64
		Release|x86 = Release|x86
	EndGlobalSection
	GlobalSection(ProjectConfigurationPlatforms) = postSolution
		{FADBE8F1-3C31-43C8-B1D6-7356BF9198B0}.Debug|x64.ActiveCfg = Debug|x64
		{FADBE8F1-3C31-43C8-B1D6-7356BF9198B0}.Debug|x64.Build.0 = Debug|x64
		{FADBE8F1-3C31-43C8-B1D6-7356BF9198B0}.Debug|x86.ActiveCfg = Debug|Win32
		{FADBE8F1-3C31-43C8-B1D6-7356BF9198B0}.Debug|x86.Build.0 = Debug|Win32
		{FADBE8F1-3C31-43C8-B1D6-7356BF9198B0}.Release|x64.ActiveCfg = Release|x64
		{FADBE8F1-3C31-43C8-B1D6-7356BF9198B0}.Release|x64.Build.0 = Release|x64
		{FADBE8F1-3C31-43C8-B1D6-7356BF9198B0}.Release|x86.ActiveCfg = Release|Win32
		{FADBE8F1-3C31-43C8-B1D6-7356BF9198B0}.Release|x86.Build.0 = Release|Win32
		{C41B7972-A461-4561-88C8-E05DBF77E843}.Debug|x64.ActiveCfg = Debug|x64
		{C41B7972-A461-4561-88C8-E05DBF77E843}.Debug|x64.Build.0 = Debug|x64
		{C41B7972-A461-4561-88C8-E05DBF77E843}.Debug|x86.ActiveCfg = Debug|Win32
		{C41B7972-A461-4561-88C8-E05DBF77E843}.Debug|x86.Build.0 = Debug|Win32
		{C41B7972-A461-4561-88C8-E05DBF77E843}.Release|x64.ActiveCfg = Release|x64
		{C41B7972-A461-4561-88C8-E05DBF77E843}.Release|x64.Build.0 = Release|x64
		{C41B7972-A461-4561-88C8-E05DBF77E843}.Release|x86.ActiveCfg = Release|Win32
		{C41B7972-A461-4561-88C8-E05DBF77E843}.Release|x86.Build.0 = Release|Win32
		{63DBE516-FAE0-4CF6-A3FB-9F20EFDB2501}.Debug|x64.ActiveCfg = Debug|x64
		{63DBE516-FAE0-4CF6-A3FB-9F20EFDB2501}.Debug|x64.Build.0 = Debug|x64
		{63DBE516-FAE0-4CF6-A3FB-9F20EFDB2501}.Debug|x86.ActiveCfg = Debug|Win32
		{63DBE516-FAE0-4CF6-A3FB-9F20EFDB2501}.Debug|x86.Build.0 = Debug|Win32
		{63DBE516-FAE0-4CF6-A3FB-9F20EFDB2501}.Release|x64.ActiveCfg = Release|x64
		{63DBE516-FAE0-4CF6-A3FB-9F20EFDB2501}.Release|x64.Build.0 = Release|x64
		{63DBE516-FAE0-4CF6-A3FB-9F20EFDB2501}.Release|x86.ActiveCfg = Release|Win32
		{63DBE516-FAE0-4CF6-A3FB-9F20EFDB2501}.Release|x86.Build.0 = Release|Win32
		{C7C91B65-85E2-456C-AE2B-38922B11CFA7}.Debug|x64.ActiveCfg = Debug|x64
		{C7C91B65-85E2-456C-AE2B-38922B11CFA7}.Debug|x64.Build.0 = Debug|x64
		{C7C91B65-85E2-456C-AE2B-38922B11CFA7}.Debug|x86.ActiveCfg = Debug|Win32
		{C7C91B65-85E2-456C-AE2B-38922B11CFA7}.Debug|x86.Build.0 = Debug|Win32
		{C7C91B65-85E2-456C-AE2B-38922B11CFA7}.Release|x64.ActiveCfg = Release|x64
		{C7C91B65-85E2-456C-AE2B-38922B11CFA7}.Release|x64.Build.0 = Release|x64
		{C7C91B65-85E2-456C-AE2B-38922B11CFA7}.Release|x86.ActiveCfg = Release|Win32
		{C7C91B65-85E2-456C-AE2B-38922B11CFA7}.Release|x86.Build.0 = Release|Win32
		{AEA1CF21-426A-43C4-9915-C0B3DF0DA9CF}.Debug|x64.ActiveCfg = Debug|x64
		{AEA1CF21-426A-43C4-9915-C0B3DF0DA9CF}.Debug|x64.Build.0 = Debug|x64
		{AEA1CF21-426A-43C4-9915-C0B3DF0DA9CF}.Debug|x86.ActiveCfg = Debug|Win32
		{AEA1CF21-426A-43C4-9915-C0B3DF0DA9CF}.Debug|x86.Build.0 = Debug|Win32
		{AEA1CF21-426A-43C4-9915-C0B3DF0DA9CF}.Release|x64.ActiveCfg = Release|x64
		{AEA1CF21-426A-43C4-9915-C0B3DF0DA9CF}.Release|x64.Build.0 = Release|x64
		{AEA1CF21-426A-43C4-9915-C0B3DF0DA9CF}.Release|x86.ActiveCfg = Release|Win32
		{AEA1CF21-426A-43C4-9915-C0B3DF0DA9CF}.Release|x86.Build.0 = Release|Win32
		{00BD6AB9-2F78-42AF-A9D8-15354CE45310}.Debug|x64.ActiveCfg = Debug|x64
		{00BD6AB9-2F78-42AF-A9D8-15354CE45310}.Debug|x64.Build.0 = Debug|x64
		{00BD6AB9-2F78-42AF-A9D8-15354CE45310}.Debug|x86.ActiveCfg = Debug|Win32
		{00BD6AB9-2F78-42AF-A9D8-15354CE45310}.Debug|x86.Build.0 = Debug|Win32
		{00BD6AB9-2F78-42AF-A9D8-15354CE45310}.Release|x64.ActiveCfg = Release|x64
		{00BD6AB9-2F78-42AF-A9D8-15354CE45310}.Release|x64.Build.0 = Release|x64
		{00BD6AB9-2F78-42AF-A9D8-15354CE45310}.Release|x86.ActiveCfg = Release|Win32
		{00BD6AB9-2F78-42AF-A9D8-15354CE45310}.Release|x86.Build.0 = Release|Win32
		{D10EC8E8-C13A-47C5-B3B6-D256DF21C2A8}.Debug|x64.ActiveCfg = Debug|x64
		{D10EC8E8-C13A-47C5-B3B6-D256DF21C2A8}.Debug|x64.Build.0 = Debug|x64
		{D10EC8E8-C13A-47C5-B3B6-D256DF21C2A8}.Debug|x86.ActiveCfg = Debug|Win32
		{D10EC8E8-C13A-47C5-B3B6-D256DF21C2A8}.Debug|x86.Build.0 = Debug|Win32
		{D10EC8E8-C13A-47C5-B3B6-D256DF21C2A8}.Release|x64.ActiveCfg = Release|x64
		{D10EC8E8-C13A-47C5-B3B6-D256DF21C2A8}.Release|x64.Build.0 = Release|x64
		{D10EC8E8-C13A-47C5-B3B6-D256DF21C2A8}.Release|x86.ActiveCfg = Release|Win32
		{D10EC8E8-C13A-47C5-B3B6-D256DF21C2A8}.Release|x86.Build.0 = Release|Win32
		{442E4C28-3023-4A91-A3EF-AB5CB7335252}.Debug|x64.ActiveCfg = Debug|x64
		{442E4C28-3023-4A91-A3EF-AB5CB7335252}.Debug|x64.Build.0 = Debug|x64
		{442E4C28-3023-4A91-A3EF-AB5CB7335252}.Debug|x86.ActiveCfg = Debug|Win32
		{442E4C28-3023-4A91-A3EF-AB5CB7335252}.Debug|x86.Build.0 = Debug|Win32
		{442E4C28-3023-4A91-A3EF-AB5CB7335252}.Release|x64.ActiveCfg = Release|x64
		{442E4C28-3023-4A91-A3EF-AB5CB7335252}.Release|x64.Build.0 = Release|x64
		{442E4C28-3023-4A91-A3EF-AB5CB7335252}.Release|x86.ActiveCfg = Release|Win32
		{442E4C28-3023-4A91-A3EF-AB5CB7335252}.Release|x86.Build.0 = Release|Win32
		{A1FED18D-F87D-46C0-9A1E-25108E0D315B}.Debug|x64.ActiveCfg = Debug|x64
		{A1FED18D-F87D-46C0-9A1E-25108E0D315B}.Debug|x64.Build.0 = Debug|x64
		{A1FED18D-F87D-46C0-9A1E-25108E0D315B}.Debug|x86.ActiveCfg = Debug|Win32
		{A1FED18D-F87D-46C0-9A1E-25108E0D315B}.Debug|x86.Build.0 = Debug|Win32
		{A1FED18D-F87D-46C0-9A1E-25108E0D315B}.Release|x64.ActiveCfg = Release|x64
		{A1FED18D-F87D-46C0-9A1E-25108E0D315B}.Release|x64.Build.0 = Release|x64
		{A1FED18D-F87D-46C0-9A1E-25108E0D315B}.Release|x86.ActiveCfg = Release|Win32
		{A1FED18D-F87D-46C0-9A1E-25108E0D315B}.Release|x86.Build.0 = Release|Win32
		{353F6F61-7196-4E2F-909F-A93DB6E2E4BC}.Debug|x64.ActiveCfg = Debug|x64
		{353F6F61-7196-4E2F-909F-A93DB6E2E4BC}.Debug|x64.Build.0 = Debug|x64
		{353F6F61-7196-4E2F-909F-A93DB6E2E4BC}.Debug|x86.ActiveCfg = Debug|Win32
		{353F6F61-7196-4E2F-909F-A93DB6E2E4BC}.Debug|x86.Build.0 = Debug|Win32
		{353F6F61-7196-4E2F-909F-A93DB6E2E4BC}.Release|x64.ActiveCfg = Release|x64
		{353F6F61-7196-4E2F-909F-A93DB6E2E4BC}.Release|x64.Build.0 = Release|x64
		{353F6F61-7196-4E2F-909F-A93DB6E2E4BC}.Release|x86.ActiveCfg = Release|Win32
		{353F6F61-7196-4E2F-909F-A93DB6E2E4BC}.Release|x86.Build.0 = Release|Win32
		{757D8048-A4D4-4E4A-804C-D64B6F3042E2}.Debug|x64.ActiveCfg = Debug|x64
		{757D8048-A4D4-4E4A-804C-D64B6F3042E2}.Debug|x64.Build.0 = Debug|x64
		{757D8048-A4D4-4E4A-804C-D64B6F3042E2}.Debug|x86.ActiveCfg = Debug|Win32
		{757D8048-A4D4-4E4A-804C-D64B6F3042E2}.Debug|x86.Build.0 = Debug|Win32
		{757D8048-A4D4-4E4A-804C-D64B6F3042E2}.Release|x64.ActiveCfg = Release|x64
		{757D8048-A4D4-4E4A-804C-D64B6F3042E2}.Release|x64.Build.0 = Release|x64
		{757D8048-A4D4-4E4A-804C-D64B6F3042E2}.Release|x86.ActiveCfg = Release|Win32
		{757D8048-A4D4-4E4A-804C-D64B6F3042E2}.Release|x86.Build.0 = Release|Win32
		{FB23248A-4F44-4626-9C8E-D7EE809591E0}.Debug|x64.ActiveCfg = Debug|x64
		{FB23248A-4F44-4626-9C8E-D7EE809591E0}.Debug|x64.Build.0 = Debug|x64
		{FB23248A-4F44-4626-9C8E-D7EE809591E0}.Debug|x86.ActiveCfg = Debug|Win32
		{FB23248A-4F44-4626-9C8E-D7EE809591E0}.Debug|x86.Build.0 = Debug|Win32
		{FB23248A-4F44-4626-9C8E-D7EE809591E0}.Release|x64.ActiveCfg = Release|x64
		{FB23248A-4F44-4626-9C8E-D7EE809591E0}.Release|x64.Build.0 = Release|x64
		{FB23248A-4F44-4626-9C8E-D7EE809591E0}.Release|x86.ActiveCfg = Release|Win32
		{FB23248A-4F44-4626-9C8E-D7EE809591E0}.Release|x86.Build.0 = Release|Win32
		{6247ADBA-858E-4B4A-84AA-C41F079152C4}.Debug|x64.ActiveCfg = Debug|x64
		{6247ADBA-858E-4B4A-84AA-C41F079152C4}.Debug|x64.Build.0 = Debug|x64
		{6247ADBA-858E-4B4A-84AA-C41F079152C4}.Debug|x86.ActiveCfg = Debug|Win32
		{6247ADBA-858E-4B4A-84AA-C41F079152C4}.Debug|x86.Build.0 = Debug|Win32
		{6247ADBA-858E-4B4A-84AA-C41F079152C4}.Release|x64.ActiveCfg = Release|x64
		{6247ADBA-858E-4B4A-84AA-C41F079152C4}.Release|x64.Build.0 = Release|x64
		{6247ADBA-858E-4B4A-84AA-C41F079152C4}.Release|x86.ActiveCfg = Release|Win32
		{6247ADBA-858E-4B4A-84AA-C41F079152C4}.Release|x86.Build.0 = Release|Win32
		{E59F2328-A511-471D-93F3-D937AB2B848E}.Debug|x64.ActiveCfg = Debug|x64
		{E59F2328-A511-471D-93F3-D937AB2B848E}.Debug|x64.Build.0 = Debug|x64
		{E59F2328-A511-471D-93F3-D937AB2B848E}.Debug|x86.ActiveCfg = Debug|Win32
		{E59F2328-A511-471D-93F3-D937AB2B848E}.Debug|x86.Build.0 = Debug|Win32
		{E59F2328-A511-471D-93F3-D937AB2B848E}.Release|x64.ActiveCfg = Release|x64
		{E59F2328-A511-471D-93F3-D937AB2B848E}.Release|x64.Build.0 = Release|x64
		{E59F2328-A511-471D-93F3-D937AB2B848E}.Release|x86.ActiveCfg = Release|Win32
		{E59F2328-A511-471D-93F3-D937AB2B848E}.Release|x86.Build.0 = Release|Win32
		{E0E39336-E04B-4EF4-8015-DBA1FB5BA6A4}.Debug|x64.ActiveCfg = Debug|x64
		{E0E39336-E04B-4EF4-8015-DBA1FB5BA6A4}.Debug|x64.Build.0 = Debug|x64
		{E0E39336-E04B-4EF4-8015-DBA1FB5BA6A4}.Debug|x86.ActiveCfg = Debug|Win32
		{E0E39336-E04B-4EF4-8015-DBA1FB5BA6A4}.Debug|x86.Build.0 = Debug|Win32
		{E0E39336-E04B-4EF4-8015-DBA1FB5BA6A4}.Release|x64.ActiveCfg = Release|x64
		{E0E39336-E04B-4EF4-8015-DBA1FB5BA6A4}.Release|x64.Build.0 = Release|x64
		{E0E39336-E04B-4EF4-8015-DBA1FB5BA6A4}.Release|x86.ActiveCfg = Release|Win32
		{E0E39336-E04B-4EF4-8015-DBA1FB5BA6A4}.Release|x86.Build.0 = Release|Win32
	EndGlobalSection
	GlobalSection(SolutionProperties) = preSolution
		HideSolutionNode = FALSE
	EndGlobalSection
	GlobalSection(ExtensibilityGlobals) = postSolution
		SolutionGuid = {26A72F87-0331-4668-99A0-F719EA478B91}
	EndGlobalSection
EndGlobal
