
Microsoft Visual Studio Solution File, Format Version 12.00
# Visual Studio Version 17
VisualStudioVersion = 17.11.35312.102
MinimumVisualStudioVersion = 10.0.40219.1
Project("{8BC9CEB8-8B4A-11D0-8D11-00A0C91BC942}") = "Program", "Program.vcxproj", "{FADBE8F1-3C31-43C8-B1D6-7356BF9198B0}"
EndProject
Project("{8BC9CEB8-8B4A-11D0-8D11-00A0C91BC942}") = "Class1th (Time Complexity & Space Complexity)", "..\Class1th (Time Complexity & Space Complexity)\Class1th (Time Complexity & Space Complexity).vcxproj", "{C41B7972-A461-4561-88C8-E05DBF77E843}"
EndProject
Project("{8BC9CEB8-8B4A-11D0-8D11-00A0C91BC942}") = "Class3th (Bubble Sort)", "..\Class3th (Bubble Sort)\Class3th (Bubble Sort).vcxproj", "{63DBE516-FAE0-4CF6-A3FB-9F20EFDB2501}"
EndProject
Project("{8BC9CEB8-8B4A-11D0-8D11-00A0C91BC942}") = "Class2th (Brute Force)", "..\Class2th (Brute Force)\Class2th (Brute Force).vcxproj", "{C7C91B65-85E2-456C-AE2B-38922B11CFA7}"
EndProject
Project("{8BC9CEB8-8B4A-11D0-8D11-00A0C91BC942}") = "Class4th (Select sort)", "..\Class4th (Select sort)\Class4th (Select sort).vcxproj", "{AEA1CF21-426A-43C4-9915-C0B3DF0DA9CF}"
EndProject
Project("{8BC9CEB8-8B4A-11D0-8D11-00A0C91BC942}") = "Class5th (Insert sort)", "..\Class5th (Insert sort)\Class5th (Insert sort).vcxproj", "{00BD6AB9-2F78-42AF-A9D8-15354CE45310}"
EndProject
Global
	GlobalSection(SolutionConfigurationPlatforms) = preSolution
		Debug|x64 = Debug|x64
		Debug|x86 = Debug|x86
		Release|x64 = Release|x64
		Release|x86 = Release|x86
	EndGlobalSection
	GlobalSection(ProjectConfigurationPlatforms) = postSolution
		{FADBE8F1-3C31-43C8-B1D6-7356BF9198B0}.Debug|x64.ActiveCfg = Debug|x64
		{FADBE8F1-3C31-43C8-B1D6-7356BF9198B0}.Debug|x64.Build.0 = Debug|x64
		{FADBE8F1-3C31-43C8-B1D6-7356BF9198B0}.Debug|x86.ActiveCfg = Debug|Win32
		{FADBE8F1-3C31-43C8-B1D6-7356BF9198B0}.Debug|x86.Build.0 = Debug|Win32
		{FADBE8F1-3C31-43C8-B1D6-7356BF9198B0}.Release|x64.ActiveCfg = Release|x64
		{FADBE8F1-3C31-43C8-B1D6-7356BF9198B0}.Release|x64.Build.0 = Release|x64
		{FADBE8F1-3C31-43C8-B1D6-7356BF9198B0}.Release|x86.ActiveCfg = Release|Win32
		{FADBE8F1-3C31-43C8-B1D6-7356BF9198B0}.Release|x86.Build.0 = Release|Win32
		{C41B7972-A461-4561-88C8-E05DBF77E843}.Debug|x64.ActiveCfg = Debug|x64
		{C41B7972-A461-4561-88C8-E05DBF77E843}.Debug|x64.Build.0 = Debug|x64
		{C41B7972-A461-4561-88C8-E05DBF77E843}.Debug|x86.ActiveCfg = Debug|Win32
		{C41B7972-A461-4561-88C8-E05DBF77E843}.Debug|x86.Build.0 = Debug|Win32
		{C41B7972-A461-4561-88C8-E05DBF77E843}.Release|x64.ActiveCfg = Release|x64
		{C41B7972-A461-4561-88C8-E05DBF77E843}.Release|x64.Build.0 = Release|x64
		{C41B7972-A461-4561-88C8-E05DBF77E843}.Release|x86.ActiveCfg = Release|Win32
		{C41B7972-A461-4561-88C8-E05DBF77E843}.Release|x86.Build.0 = Release|Win32
		{63DBE516-FAE0-4CF6-A3FB-9F20EFDB2501}.Debug|x64.ActiveCfg = Debug|x64
		{63DBE516-FAE0-4CF6-A3FB-9F20EFDB2501}.Debug|x64.Build.0 = Debug|x64
		{63DBE516-FAE0-4CF6-A3FB-9F20EFDB2501}.Debug|x86.ActiveCfg = Debug|Win32
		{63DBE516-FAE0-4CF6-A3FB-9F20EFDB2501}.Debug|x86.Build.0 = Debug|Win32
		{63DBE516-FAE0-4CF6-A3FB-9F20EFDB2501}.Release|x64.ActiveCfg = Release|x64
		{63DBE516-FAE0-4CF6-A3FB-9F20EFDB2501}.Release|x64.Build.0 = Release|x64
		{63DBE516-FAE0-4CF6-A3FB-9F20EFDB2501}.Release|x86.ActiveCfg = Release|Win32
		{63DBE516-FAE0-4CF6-A3FB-9F20EFDB2501}.Release|x86.Build.0 = Release|Win32
		{C7C91B65-85E2-456C-AE2B-38922B11CFA7}.Debug|x64.ActiveCfg = Debug|x64
		{C7C91B65-85E2-456C-AE2B-38922B11CFA7}.Debug|x64.Build.0 = Debug|x64
		{C7C91B65-85E2-456C-AE2B-38922B11CFA7}.Debug|x86.ActiveCfg = Debug|Win32
		{C7C91B65-85E2-456C-AE2B-38922B11CFA7}.Debug|x86.Build.0 = Debug|Win32
		{C7C91B65-85E2-456C-AE2B-38922B11CFA7}.Release|x64.ActiveCfg = Release|x64
		{C7C91B65-85E2-456C-AE2B-38922B11CFA7}.Release|x64.Build.0 = Release|x64
		{C7C91B65-85E2-456C-AE2B-38922B11CFA7}.Release|x86.ActiveCfg = Release|Win32
		{C7C91B65-85E2-456C-AE2B-38922B11CFA7}.Release|x86.Build.0 = Release|Win32
		{AEA1CF21-426A-43C4-9915-C0B3DF0DA9CF}.Debug|x64.ActiveCfg = Debug|x64
		{AEA1CF21-426A-43C4-9915-C0B3DF0DA9CF}.Debug|x64.Build.0 = Debug|x64
		{AEA1CF21-426A-43C4-9915-C0B3DF0DA9CF}.Debug|x86.ActiveCfg = Debug|Win32
		{AEA1CF21-426A-43C4-9915-C0B3DF0DA9CF}.Debug|x86.Build.0 = Debug|Win32
		{AEA1CF21-426A-43C4-9915-C0B3DF0DA9CF}.Release|x64.ActiveCfg = Release|x64
		{AEA1CF21-426A-43C4-9915-C0B3DF0DA9CF}.Release|x64.Build.0 = Release|x64
		{AEA1CF21-426A-43C4-9915-C0B3DF0DA9CF}.Release|x86.ActiveCfg = Release|Win32
		{AEA1CF21-426A-43C4-9915-C0B3DF0DA9CF}.Release|x86.Build.0 = Release|Win32
		{00BD6AB9-2F78-42AF-A9D8-15354CE45310}.Debug|x64.ActiveCfg = Debug|x64
		{00BD6AB9-2F78-42AF-A9D8-15354CE45310}.Debug|x64.Build.0 = Debug|x64
		{00BD6AB9-2F78-42AF-A9D8-15354CE45310}.Debug|x86.ActiveCfg = Debug|Win32
		{00BD6AB9-2F78-42AF-A9D8-15354CE45310}.Debug|x86.Build.0 = Debug|Win32
		{00BD6AB9-2F78-42AF-A9D8-15354CE45310}.Release|x64.ActiveCfg = Release|x64
		{00BD6AB9-2F78-42AF-A9D8-15354CE45310}.Release|x64.Build.0 = Release|x64
		{00BD6AB9-2F78-42AF-A9D8-15354CE45310}.Release|x86.ActiveCfg = Release|Win32
		{00BD6AB9-2F78-42AF-A9D8-15354CE45310}.Release|x86.Build.0 = Release|Win32
	EndGlobalSection
	GlobalSection(SolutionProperties) = preSolution
		HideSolutionNode = FALSE
	EndGlobalSection
	GlobalSection(ExtensibilityGlobals) = postSolution
		SolutionGuid = {26A72F87-0331-4668-99A0-F719EA478B91}
	EndGlobalSection
EndGlobal
